
Microsoft Visual Studio Solution File, Format Version 12.00
# Visual Studio 2012
# Ranorex Studio 9.0
VisualStudioVersion = 12.0.20827.3
MinimumVisualStudioVersion = 10.0.40219.1
Project("{2150E333-8FDC-42A3-9474-1A3956D46DE8}") = "Solution Items", "Solution Items", "{520C5BED-E8D3-47E5-8B08-288AAAD50479}"
	ProjectSection(SolutionItems) = postProject
		Ranorex = .\Ranorex.rxsettings
	EndProjectSection
EndProject
Project("{FAE04EC0-301F-11D3-BF4B-00C04F79EFBC}") = "GBT_87", "GBT_87\GBT_87.csproj", "{1997C6AD-BA1D-4B4C-8261-7A7A47E71107}"
EndProject
Global
	GlobalSection(SolutionConfigurationPlatforms) = preSolution
		Debug|x86 = Debug|x86
		Release|x86 = Release|x86
	EndGlobalSection
	GlobalSection(ProjectConfigurationPlatforms) = postSolution
		{1997C6AD-BA1D-4B4C-8261-7A7A47E71107}.Debug|x86.Build.0 = Debug|x86
		{1997C6AD-BA1D-4B4C-8261-7A7A47E71107}.Debug|x86.ActiveCfg = Debug|x86
		{1997C6AD-BA1D-4B4C-8261-7A7A47E71107}.Release|x86.Build.0 = Release|x86
		{1997C6AD-BA1D-4B4C-8261-7A7A47E71107}.Release|x86.ActiveCfg = Release|x86
	EndGlobalSection
EndGlobal
